{
  "name": "ACT3",
  "lockfileVersion": 3,
  "requires": true,
  "packages": {
    "": {
      "dependencies": {
        "@capacitor/geolocation": "^6.0.1"
      }
    },
    "node_modules/@capacitor/core": {
      "version": "6.1.2",
      "resolved": "https://registry.npmjs.org/@capacitor/core/-/core-6.1.2.tgz",
      "integrity": "sha512-xFy1/4qLFLp5WCIzIhtwUuVNNoz36+V7/BzHmLqgVJcvotc4MMjswW/TshnPQaLLujEOaLkA4h8ZJ0uoK3ImGg==",
      "license": "MIT",
      "peer": true,
      "dependencies": {
        "tslib": "^2.1.0"
      }
    },
    "node_modules/@capacitor/geolocation": {
      "version": "6.0.1",
      "resolved": "https://registry.npmjs.org/@capacitor/geolocation/-/geolocation-6.0.1.tgz",
      "integrity": "sha512-QOkIrSzG6E0vD2MF3gZmtuILQiuVro4LGPjqrUjCzhX10zl/4lx6bq4T+hj2YLUmMUnCiV1hWTOJHcpdVRMz7w==",
      "license": "MIT",
      "peerDependencies": {
        "@capacitor/core": "^6.0.0"
      }
    },
    "node_modules/tslib": {
      "version": "2.7.0",
      "resolved": "https://registry.npmjs.org/tslib/-/tslib-2.7.0.tgz",
      "integrity": "sha512-gLXCKdN1/j47AiHiOkJN69hJmcbGTHI0ImLmbYLHykhgeN0jVGola9yVjFgzCUklsZQMW55o+dW7IXv3RCXDzA==",
      "license": "0BSD",
      "peer": true
    }
  }
}
